[root]
name = "hexdino"
version = "0.1.0"
dependencies = [
 "ansi_term 0.7.2 (registry+https://github.com/rust-lang/crates.io-index)",
 "getopts 0.2.14 (registry+https://github.com/rust-lang/crates.io-index)",
 "libc 0.2.7 (registry+https://github.com/rust-lang/crates.io-index)",
 "ncurses 5.80.0 (registry+https://github.com/rust-lang/crates.io-index)",
]

[[package]]
name = "ansi_term"
version = "0.7.2"
source = "registry+https://github.com/rust-lang/crates.io-index"

[[package]]
name = "getopts"
version = "0.2.14"
source = "registry+https://github.com/rust-lang/crates.io-index"

[[package]]
name = "libc"
version = "0.2.7"
source = "registry+https://github.com/rust-lang/crates.io-index"

[[package]]
name = "ncurses"
version = "5.80.0"
source = "registry+https://github.com/rust-lang/crates.io-index"
dependencies = [
 "libc 0.2.7 (registry+https://github.com/rust-lang/crates.io-index)",
]

